// !$*UTF8*$!
{
	archiveVersion = 1;
	classes = {
	};
	objectVersion = 77;
	objects = {

/* Begin PBXBuildFile section */
		D005F57E2EE807B80071AF38 /* PylibKit-ios.xcframework in Frameworks */ = {isa = PBXBuildFile; fileRef = D005F57D2EE807B80071AF38 /* PylibKit-ios.xcframework */; };
		D005F57F2EE807B80071AF38 /* PylibKit-ios.xcframework in Embed Frameworks */ = {isa = PBXBuildFile; fileRef = D005F57D2EE807B80071AF38 /* PylibKit-ios.xcframework */; settings = {ATTRIBUTES = (CodeSignOnCopy, RemoveHeadersOnCopy, ); }; };
/* End PBXBuildFile section */

/* Begin PBXContainerItemProxy section */
		D06A6E6A2EE6A8020002D0BA /* PBXContainerItemProxy */ = {
			isa = PBXContainerItemProxy;
			containerPortal = D06A6E542EE6A8010002D0BA /* Project object */;
			proxyType = 1;
			remoteGlobalIDString = D06A6E5B2EE6A8010002D0BA;
			remoteInfo = "fastAPI-ios";
		};
		D06A6E742EE6A8020002D0BA /* PBXContainerItemProxy */ = {
			isa = PBXContainerItemProxy;
			containerPortal = D06A6E542EE6A8010002D0BA /* Project object */;
			proxyType = 1;
			remoteGlobalIDString = D06A6E5B2EE6A8010002D0BA;
			remoteInfo = "fastAPI-ios";
		};
/* End PBXContainerItemProxy section */

/* Begin PBXCopyFilesBuildPhase section */
		D06A6E8A2EE6AA220002D0BA /* Embed Frameworks */ = {
			isa = PBXCopyFilesBuildPhase;
			buildActionMask = 2147483647;
			dstPath = "";
			dstSubfolderSpec = 10;
			files = (
				D005F57F2EE807B80071AF38 /* PylibKit-ios.xcframework in Embed Frameworks */,
			);
			name = "Embed Frameworks";
			runOnlyForDeploymentPostprocessing = 0;
		};
/* End PBXCopyFilesBuildPhase section */

/* Begin PBXFileReference section */
		D005F57D2EE807B80071AF38 /* PylibKit-ios.xcframework */ = {isa = PBXFileReference; lastKnownFileType = wrapper.xcframework; path = "PylibKit-ios.xcframework"; sourceTree = "<group>"; };
		D06A6E5C2EE6A8010002D0BA /* fastAPI-ios.app */ = {isa = PBXFileReference; explicitFileType = wrapper.application; includeInIndex = 0; path = "fastAPI-ios.app"; sourceTree = BUILT_PRODUCTS_DIR; };
		D06A6E692EE6A8020002D0BA /* fastAPI-iosTests.xctest */ = {isa = PBXFileReference; explicitFileType = wrapper.cfbundle; includeInIndex = 0; path = "fastAPI-iosTests.xctest"; sourceTree = BUILT_PRODUCTS_DIR; };
		D06A6E732EE6A8020002D0BA /* fastAPI-iosUITests.xctest */ = {isa = PBXFileReference; explicitFileType = wrapper.cfbundle; includeInIndex = 0; path = "fastAPI-iosUITests.xctest"; sourceTree = BUILT_PRODUCTS_DIR; };
/* End PBXFileReference section */

/* Begin PBXFileSystemSynchronizedBuildFileExceptionSet section */
		D06A6EA72EE730FF0002D0BA /* Exceptions for "fastAPI-ios" folder in "fastAPI-ios" target */ = {
			isa = PBXFileSystemSynchronizedBuildFileExceptionSet;
			membershipExceptions = (
				Info.plist,
			);
			target = D06A6E5B2EE6A8010002D0BA /* fastAPI-ios */;
		};
/* End PBXFileSystemSynchronizedBuildFileExceptionSet section */

/* Begin PBXFileSystemSynchronizedRootGroup section */
		D06A6E5E2EE6A8010002D0BA /* fastAPI-ios */ = {
			isa = PBXFileSystemSynchronizedRootGroup;
			exceptions = (
				D06A6EA72EE730FF0002D0BA /* Exceptions for "fastAPI-ios" folder in "fastAPI-ios" target */,
			);
			path = "fastAPI-ios";
			sourceTree = "<group>";
		};
		D06A6E6C2EE6A8020002D0BA /* fastAPI-iosTests */ = {
			isa = PBXFileSystemSynchronizedRootGroup;
			path = "fastAPI-iosTests";
			sourceTree = "<group>";
		};
		D06A6E762EE6A8020002D0BA /* fastAPI-iosUITests */ = {
			isa = PBXFileSystemSynchronizedRootGroup;
			path = "fastAPI-iosUITests";
			sourceTree = "<group>";
		};
/* End PBXFileSystemSynchronizedRootGroup section */

/* Begin PBXFrameworksBuildPhase section */
		D06A6E592EE6A8010002D0BA /* Frameworks */ = {
			isa = PBXFrameworksBuildPhase;
			buildActionMask = 2147483647;
			files = (
				D005F57E2EE807B80071AF38 /* PylibKit-ios.xcframework in Frameworks */,
			);
			runOnlyForDeploymentPostprocessing = 0;
		};
		D06A6E662EE6A8020002D0BA /* Frameworks */ = {
			isa = PBXFrameworksBuildPhase;
			buildActionMask = 2147483647;
			files = (
			);
			runOnlyForDeploymentPostprocessing = 0;
		};
		D06A6E702EE6A8020002D0BA /* Frameworks */ = {
			isa = PBXFrameworksBuildPhase;
			buildActionMask = 2147483647;
			files = (
			);
			runOnlyForDeploymentPostprocessing = 0;
		};
/* End PBXFrameworksBuildPhase section */

/* Begin PBXGroup section */
		D06A6E532EE6A8010002D0BA = {
			isa = PBXGroup;
			children = (
				D06A6E5E2EE6A8010002D0BA /* fastAPI-ios */,
				D06A6E6C2EE6A8020002D0BA /* fastAPI-iosTests */,
				D06A6E762EE6A8020002D0BA /* fastAPI-iosUITests */,
				D06A6E862EE6AA220002D0BA /* Frameworks */,
				D06A6E5D2EE6A8010002D0BA /* Products */,
			);
			sourceTree = "<group>";
		};
		D06A6E5D2EE6A8010002D0BA /* Products */ = {
			isa = PBXGroup;
			children = (
				D06A6E5C2EE6A8010002D0BA /* fastAPI-ios.app */,
				D06A6E692EE6A8020002D0BA /* fastAPI-iosTests.xctest */,
				D06A6E732EE6A8020002D0BA /* fastAPI-iosUITests.xctest */,
			);
			name = Products;
			sourceTree = "<group>";
		};
		D06A6E862EE6AA220002D0BA /* Frameworks */ = {
			isa = PBXGroup;
			children = (
				D005F57D2EE807B80071AF38 /* PylibKit-ios.xcframework */,
			);
			name = Frameworks;
			sourceTree = "<group>";
		};
/* End PBXGroup section */

/* Begin PBXNativeTarget section */
		D06A6E5B2EE6A8010002D0BA /* fastAPI-ios */ = {
			isa = PBXNativeTarget;
			buildConfigurationList = D06A6E7D2EE6A8020002D0BA /* Build configuration list for PBXNativeTarget "fastAPI-ios" */;
			buildPhases = (
				D06A6E582EE6A8010002D0BA /* Sources */,
				D06A6E592EE6A8010002D0BA /* Frameworks */,
				D06A6E5A2EE6A8010002D0BA /* Resources */,
				D06A6E8A2EE6AA220002D0BA /* Embed Frameworks */,
			);
			buildRules = (
			);
			dependencies = (
			);
			fileSystemSynchronizedGroups = (
				D06A6E5E2EE6A8010002D0BA /* fastAPI-ios */,
			);
			name = "fastAPI-ios";
			packageProductDependencies = (
			);
			productName = "fastAPI-ios";
			productReference = D06A6E5C2EE6A8010002D0BA /* fastAPI-ios.app */;
			productType = "com.apple.product-type.application";
		};
		D06A6E682EE6A8020002D0BA /* fastAPI-iosTests */ = {
			isa = PBXNativeTarget;
			buildConfigurationList = D06A6E802EE6A8020002D0BA /* Build configuration list for PBXNativeTarget "fastAPI-iosTests" */;
			buildPhases = (
				D06A6E652EE6A8020002D0BA /* Sources */,
				D06A6E662EE6A8020002D0BA /* Frameworks */,
				D06A6E672EE6A8020002D0BA /* Resources */,
			);
			buildRules = (
			);
			dependencies = (
				D06A6E6B2EE6A8020002D0BA /* PBXTargetDependency */,
			);
			fileSystemSynchronizedGroups = (
				D06A6E6C2EE6A8020002D0BA /* fastAPI-iosTests */,
			);
			name = "fastAPI-iosTests";
			packageProductDependencies = (
			);
			productName = "fastAPI-iosTests";
			productReference = D06A6E692EE6A8020002D0BA /* fastAPI-iosTests.xctest */;
			productType = "com.apple.product-type.bundle.unit-test";
		};
		D06A6E722EE6A8020002D0BA /* fastAPI-iosUITests */ = {
			isa = PBXNativeTarget;
			buildConfigurationList = D06A6E832EE6A8020002D0BA /* Build configuration list for PBXNativeTarget "fastAPI-iosUITests" */;
			buildPhases = (
				D06A6E6F2EE6A8020002D0BA /* Sources */,
				D06A6E702EE6A8020002D0BA /* Frameworks */,
				D06A6E712EE6A8020002D0BA /* Resources */,
			);
			buildRules = (
			);
			dependencies = (
				D06A6E752EE6A8020002D0BA /* PBXTargetDependency */,
			);
			fileSystemSynchronizedGroups = (
				D06A6E762EE6A8020002D0BA /* fastAPI-iosUITests */,
			);
			name = "fastAPI-iosUITests";
			packageProductDependencies = (
			);
			productName = "fastAPI-iosUITests";
			productReference = D06A6E732EE6A8020002D0BA /* fastAPI-iosUITests.xctest */;
			productType = "com.apple.product-type.bundle.ui-testing";
		};
/* End PBXNativeTarget section */

/* Begin PBXProject section */
		D06A6E542EE6A8010002D0BA /* Project object */ = {
			isa = PBXProject;
			attributes = {
				BuildIndependentTargetsInParallel = 1;
				LastSwiftUpdateCheck = 2610;
				LastUpgradeCheck = 2610;
				TargetAttributes = {
					D06A6E5B2EE6A8010002D0BA = {
						CreatedOnToolsVersion = 26.1.1;
					};
					D06A6E682EE6A8020002D0BA = {
						CreatedOnToolsVersion = 26.1.1;
						TestTargetID = D06A6E5B2EE6A8010002D0BA;
					};
					D06A6E722EE6A8020002D0BA = {
						CreatedOnToolsVersion = 26.1.1;
						TestTargetID = D06A6E5B2EE6A8010002D0BA;
					};
				};
			};
			buildConfigurationList = D06A6E572EE6A8010002D0BA /* Build configuration list for PBXProject "fastAPI-ios" */;
			developmentRegion = en;
			hasScannedForEncodings = 0;
			knownRegions = (
				en,
				Base,
			);
			mainGroup = D06A6E532EE6A8010002D0BA;
			minimizedProjectReferenceProxies = 1;
			preferredProjectObjectVersion = 77;
			productRefGroup = D06A6E5D2EE6A8010002D0BA /* Products */;
			projectDirPath = "";
			projectRoot = "";
			targets = (
				D06A6E5B2EE6A8010002D0BA /* fastAPI-ios */,
				D06A6E682EE6A8020002D0BA /* fastAPI-iosTests */,
				D06A6E722EE6A8020002D0BA /* fastAPI-iosUITests */,
			);
		};
/* End PBXProject section */

/* Begin PBXResourcesBuildPhase section */
		D06A6E5A2EE6A8010002D0BA /* Resources */ = {
			isa = PBXResourcesBuildPhase;
			buildActionMask = 2147483647;
			files = (
			);
			runOnlyForDeploymentPostprocessing = 0;
		};
		D06A6E672EE6A8020002D0BA /* Resources */ = {
			isa = PBXResourcesBuildPhase;
			buildActionMask = 2147483647;
			files = (
			);
			runOnlyForDeploymentPostprocessing = 0;
		};
		D06A6E712EE6A8020002D0BA /* Resources */ = {
			isa = PBXResourcesBuildPhase;
			buildActionMask = 2147483647;
			files = (
			);
			runOnlyForDeploymentPostprocessing = 0;
		};
/* End PBXResourcesBuildPhase section */

/* Begin PBXSourcesBuildPhase section */
		D06A6E582EE6A8010002D0BA /* Sources */ = {
			isa = PBXSourcesBuildPhase;
			buildActionMask = 2147483647;
			files = (
			);
			runOnlyForDeploymentPostprocessing = 0;
		};
		D06A6E652EE6A8020002D0BA /* Sources */ = {
			isa = PBXSourcesBuildPhase;
			buildActionMask = 2147483647;
			files = (
			);
			runOnlyForDeploymentPostprocessing = 0;
		};
		D06A6E6F2EE6A8020002D0BA /* Sources */ = {
			isa = PBXSourcesBuildPhase;
			buildActionMask = 2147483647;
			files = (
			);
			runOnlyForDeploymentPostprocessing = 0;
		};
/* End PBXSourcesBuildPhase section */

/* Begin PBXTargetDependency section */
		D06A6E6B2EE6A8020002D0BA /* PBXTargetDependency */ = {
			isa = PBXTargetDependency;
			target = D06A6E5B2EE6A8010002D0BA /* fastAPI-ios */;
			targetProxy = D06A6E6A2EE6A8020002D0BA /* PBXContainerItemProxy */;
		};
		D06A6E752EE6A8020002D0BA /* PBXTargetDependency */ = {
			isa = PBXTargetDependency;
			target = D06A6E5B2EE6A8010002D0BA /* fastAPI-ios */;
			targetProxy = D06A6E742EE6A8020002D0BA /* PBXContainerItemProxy */;
		};
/* End PBXTargetDependency section */

/* Begin XCBuildConfiguration section */
		D06A6E7B2EE6A8020002D0BA /* Debug */ = {
			isa = XCBuildConfiguration;
			buildSettings = {
				ALWAYS_SEARCH_USER_PATHS = NO;
				ASSETCATALOG_COMPILER_GENERATE_SWIFT_ASSET_SYMBOL_EXTENSIONS = YES;
				CLANG_ANALYZER_NONNULL = YES;
				CLANG_ANALYZER_NUMBER_OBJECT_CONVERSION = YES_AGGRESSIVE;
				CLANG_CXX_LANGUAGE_STANDARD = "gnu++20";
				CLANG_ENABLE_MODULES = YES;
				CLANG_ENABLE_OBJC_ARC = YES;
				CLANG_ENABLE_OBJC_WEAK = YES;
				CLANG_WARN_BLOCK_CAPTURE_AUTORELEASING = YES;
				CLANG_WARN_BOOL_CONVERSION = YES;
				CLANG_WARN_COMMA = YES;
				CLANG_WARN_CONSTANT_CONVERSION = YES;
				CLANG_WARN_DEPRECATED_OBJC_IMPLEMENTATIONS = YES;
				CLANG_WARN_DIRECT_OBJC_ISA_USAGE = YES_ERROR;
				CLANG_WARN_DOCUMENTATION_COMMENTS = YES;
				CLANG_WARN_EMPTY_BODY = YES;
				CLANG_WARN_ENUM_CONVERSION = YES;
				CLANG_WARN_INFINITE_RECURSION = YES;
				CLANG_WARN_INT_CONVERSION = YES;
				CLANG_WARN_NON_LITERAL_NULL_CONVERSION = YES;
				CLANG_WARN_OBJC_IMPLICIT_RETAIN_SELF = YES;
				CLANG_WARN_OBJC_LITERAL_CONVERSION = YES;
				CLANG_WARN_OBJC_ROOT_CLASS = YES_ERROR;
				CLANG_WARN_QUOTED_INCLUDE_IN_FRAMEWORK_HEADER = YES;
				CLANG_WARN_RANGE_LOOP_ANALYSIS = YES;
				CLANG_WARN_STRICT_PROTOTYPES = YES;
				CLANG_WARN_SUSPICIOUS_MOVE = YES;
				CLANG_WARN_UNGUARDED_AVAILABILITY = YES_AGGRESSIVE;
				CLANG_WARN_UNREACHABLE_CODE = YES;
				CLANG_WARN__DUPLICATE_METHOD_MATCH = YES;
				COPY_PHASE_STRIP = NO;
				DEBUG_INFORMATION_FORMAT = dwarf;
				DEVELOPMENT_TEAM = Q23JLSJCCV;
				ENABLE_STRICT_OBJC_MSGSEND = YES;
				ENABLE_TESTABILITY = YES;
				ENABLE_USER_SCRIPT_SANDBOXING = YES;
				GCC_C_LANGUAGE_STANDARD = gnu17;
				GCC_DYNAMIC_NO_PIC = NO;
				GCC_NO_COMMON_BLOCKS = YES;
				GCC_OPTIMIZATION_LEVEL = 0;
				GCC_PREPROCESSOR_DEFINITIONS = (
					"DEBUG=1",
					"$(inherited)",
				);
				GCC_WARN_64_TO_32_BIT_CONVERSION = YES;
				GCC_WARN_ABOUT_RETURN_TYPE = YES_ERROR;
				GCC_WARN_UNDECLARED_SELECTOR = YES;
				GCC_WARN_UNINITIALIZED_AUTOS = YES_AGGRESSIVE;
				GCC_WARN_UNUSED_FUNCTION = YES;
				GCC_WARN_UNUSED_VARIABLE = YES;
				IPHONEOS_DEPLOYMENT_TARGET = 26.1;
				LOCALIZATION_PREFERS_STRING_CATALOGS = YES;
				MTL_ENABLE_DEBUG_INFO = INCLUDE_SOURCE;
				MTL_FAST_MATH = YES;
				ONLY_ACTIVE_ARCH = YES;
				SDKROOT = iphoneos;
				SWIFT_ACTIVE_COMPILATION_CONDITIONS = "DEBUG $(inherited)";
				SWIFT_OPTIMIZATION_LEVEL = "-Onone";
			};
			name = Debug;
		};
		D06A6E7C2EE6A8020002D0BA /* Release */ = {
			isa = XCBuildConfiguration;
			buildSettings = {
				ALWAYS_SEARCH_USER_PATHS = NO;
				ASSETCATALOG_COMPILER_GENERATE_SWIFT_ASSET_SYMBOL_EXTENSIONS = YES;
				CLANG_ANALYZER_NONNULL = YES;
				CLANG_ANALYZER_NUMBER_OBJECT_CONVERSION = YES_AGGRESSIVE;
				CLANG_CXX_LANGUAGE_STANDARD = "gnu++20";
				CLANG_ENABLE_MODULES = YES;
				CLANG_ENABLE_OBJC_ARC = YES;
				CLANG_ENABLE_OBJC_WEAK = YES;
				CLANG_WARN_BLOCK_CAPTURE_AUTORELEASING = YES;
				CLANG_WARN_BOOL_CONVERSION = YES;
				CLANG_WARN_COMMA = YES;
				CLANG_WARN_CONSTANT_CONVERSION = YES;
				CLANG_WARN_DEPRECATED_OBJC_IMPLEMENTATIONS = YES;
				CLANG_WARN_DIRECT_OBJC_ISA_USAGE = YES_ERROR;
				CLANG_WARN_DOCUMENTATION_COMMENTS = YES;
				CLANG_WARN_EMPTY_BODY = YES;
				CLANG_WARN_ENUM_CONVERSION = YES;
				CLANG_WARN_INFINITE_RECURSION = YES;
				CLANG_WARN_INT_CONVERSION = YES;
				CLANG_WARN_NON_LITERAL_NULL_CONVERSION = YES;
				CLANG_WARN_OBJC_IMPLICIT_RETAIN_SELF = YES;
				CLANG_WARN_OBJC_LITERAL_CONVERSION = YES;
				CLANG_WARN_OBJC_ROOT_CLASS = YES_ERROR;
				CLANG_WARN_QUOTED_INCLUDE_IN_FRAMEWORK_HEADER = YES;
				CLANG_WARN_RANGE_LOOP_ANALYSIS = YES;
				CLANG_WARN_STRICT_PROTOTYPES = YES;
				CLANG_WARN_SUSPICIOUS_MOVE = YES;
				CLANG_WARN_UNGUARDED_AVAILABILITY = YES_AGGRESSIVE;
				CLANG_WARN_UNREACHABLE_CODE = YES;
				CLANG_WARN__DUPLICATE_METHOD_MATCH = YES;
				COPY_PHASE_STRIP = NO;
				DEBUG_INFORMATION_FORMAT = "dwarf-with-dsym";
				DEVELOPMENT_TEAM = Q23JLSJCCV;
				ENABLE_NS_ASSERTIONS = NO;
				ENABLE_STRICT_OBJC_MSGSEND = YES;
				ENABLE_USER_SCRIPT_SANDBOXING = YES;
				GCC_C_LANGUAGE_STANDARD = gnu17;
				GCC_NO_COMMON_BLOCKS = YES;
				GCC_WARN_64_TO_32_BIT_CONVERSION = YES;
				GCC_WARN_ABOUT_RETURN_TYPE = YES_ERROR;
				GCC_WARN_UNDECLARED_SELECTOR = YES;
				GCC_WARN_UNINITIALIZED_AUTOS = YES_AGGRESSIVE;
				GCC_WARN_UNUSED_FUNCTION = YES;
				GCC_WARN_UNUSED_VARIABLE = YES;
				IPHONEOS_DEPLOYMENT_TARGET = 26.1;
				LOCALIZATION_PREFERS_STRING_CATALOGS = YES;
				MTL_ENABLE_DEBUG_INFO = NO;
				MTL_FAST_MATH = YES;
				SDKROOT = iphoneos;
				SWIFT_COMPILATION_MODE = wholemodule;
				VALIDATE_PRODUCT = YES;
			};
			name = Release;
		};
		D06A6E7E2EE6A8020002D0BA /* Debug */ = {
			isa = XCBuildConfiguration;
			buildSettings = {
				ASSETCATALOG_COMPILER_APPICON_NAME = AppIcon;
				ASSETCATALOG_COMPILER_GLOBAL_ACCENT_COLOR_NAME = AccentColor;
				CODE_SIGN_ENTITLEMENTS = "fastAPI-ios/fastAPI-ios.entitlements";
				CODE_SIGN_STYLE = Automatic;
				CURRENT_PROJECT_VERSION = 1;
				DEVELOPMENT_TEAM = Q23JLSJCCV;
				ENABLE_PREVIEWS = YES;
				GENERATE_INFOPLIST_FILE = YES;
				INFOPLIST_FILE = "fastAPI-ios/Info.plist";
				INFOPLIST_KEY_NSBonjourServices = _http._tcp;
				INFOPLIST_KEY_NSLocalNetworkUsageDescription = "Allow local network access so the embedded FastAPI server can accept requests from other devices.";
				INFOPLIST_KEY_UIApplicationSceneManifest_Generation = YES;
				INFOPLIST_KEY_UIApplicationSupportsIndirectInputEvents = YES;
				INFOPLIST_KEY_UILaunchScreen_Generation = YES;
				INFOPLIST_KEY_UISupportedInterfaceOrientations_iPad = "UIInterfaceOrientationPortrait UIInterfaceOrientationPortraitUpsideDown UIInterfaceOrientationLandscapeLeft UIInterfaceOrientationLandscapeRight";
				INFOPLIST_KEY_UISupportedInterfaceOrientations_iPhone = "UIInterfaceOrientationPortrait UIInterfaceOrientationLandscapeLeft UIInterfaceOrientationLandscapeRight";
				LD_RUNPATH_SEARCH_PATHS = (
					"$(inherited)",
					"@executable_path/Frameworks",
				);
				MARKETING_VERSION = 1.0;
				PRODUCT_BUNDLE_IDENTIFIER = "org.pylibkit.fastAPI-ios";
				PRODUCT_NAME = "$(TARGET_NAME)";
				STRING_CATALOG_GENERATE_SYMBOLS = YES;
				SWIFT_APPROACHABLE_CONCURRENCY = YES;
				SWIFT_DEFAULT_ACTOR_ISOLATION = MainActor;
				SWIFT_EMIT_LOC_STRINGS = YES;
				SWIFT_UPCOMING_FEATURE_MEMBER_IMPORT_VISIBILITY = YES;
				SWIFT_VERSION = 5.0;
				TARGETED_DEVICE_FAMILY = "1,2";
			};
			name = Debug;
		};
		D06A6E7F2EE6A8020002D0BA /* Release */ = {
			isa = XCBuildConfiguration;
			buildSettings = {
				ASSETCATALOG_COMPILER_APPICON_NAME = AppIcon;
				ASSETCATALOG_COMPILER_GLOBAL_ACCENT_COLOR_NAME = AccentColor;
				CODE_SIGN_ENTITLEMENTS = "fastAPI-ios/fastAPI-ios.entitlements";
				CODE_SIGN_STYLE = Automatic;
				CURRENT_PROJECT_VERSION = 1;
				DEVELOPMENT_TEAM = Q23JLSJCCV;
				ENABLE_PREVIEWS = YES;
				GENERATE_INFOPLIST_FILE = YES;
				INFOPLIST_FILE = "fastAPI-ios/Info.plist";
				INFOPLIST_KEY_NSBonjourServices = _http._tcp;
				INFOPLIST_KEY_NSLocalNetworkUsageDescription = "Allow local network access so the embedded FastAPI server can accept requests from other devices.";
				INFOPLIST_KEY_UIApplicationSceneManifest_Generation = YES;
				INFOPLIST_KEY_UIApplicationSupportsIndirectInputEvents = YES;
				INFOPLIST_KEY_UILaunchScreen_Generation = YES;
				INFOPLIST_KEY_UISupportedInterfaceOrientations_iPad = "UIInterfaceOrientationPortrait UIInterfaceOrientationPortraitUpsideDown UIInterfaceOrientationLandscapeLeft UIInterfaceOrientationLandscapeRight";
				INFOPLIST_KEY_UISupportedInterfaceOrientations_iPhone = "UIInterfaceOrientationPortrait UIInterfaceOrientationLandscapeLeft UIInterfaceOrientationLandscapeRight";
				LD_RUNPATH_SEARCH_PATHS = (
					"$(inherited)",
					"@executable_path/Frameworks",
				);
				MARKETING_VERSION = 1.0;
				PRODUCT_BUNDLE_IDENTIFIER = "org.pylibkit.fastAPI-ios";
				PRODUCT_NAME = "$(TARGET_NAME)";
				STRING_CATALOG_GENERATE_SYMBOLS = YES;
				SWIFT_APPROACHABLE_CONCURRENCY = YES;
				SWIFT_DEFAULT_ACTOR_ISOLATION = MainActor;
				SWIFT_EMIT_LOC_STRINGS = YES;
				SWIFT_UPCOMING_FEATURE_MEMBER_IMPORT_VISIBILITY = YES;
				SWIFT_VERSION = 5.0;
				TARGETED_DEVICE_FAMILY = "1,2";
			};
			name = Release;
		};
		D06A6E812EE6A8020002D0BA /* Debug */ = {
			isa = XCBuildConfiguration;
			buildSettings = {
				BUNDLE_LOADER = "$(TEST_HOST)";
				CODE_SIGN_STYLE = Automatic;
				CURRENT_PROJECT_VERSION = 1;
				DEVELOPMENT_TEAM = Q23JLSJCCV;
				GENERATE_INFOPLIST_FILE = YES;
				IPHONEOS_DEPLOYMENT_TARGET = 26.1;
				MARKETING_VERSION = 1.0;
				PRODUCT_BUNDLE_IDENTIFIER = "org.pylibkit.fastAPI-iosTests";
				PRODUCT_NAME = "$(TARGET_NAME)";
				STRING_CATALOG_GENERATE_SYMBOLS = NO;
				SWIFT_APPROACHABLE_CONCURRENCY = YES;
				SWIFT_EMIT_LOC_STRINGS = NO;
				SWIFT_UPCOMING_FEATURE_MEMBER_IMPORT_VISIBILITY = YES;
				SWIFT_VERSION = 5.0;
				TARGETED_DEVICE_FAMILY = "1,2";
				TEST_HOST = "$(BUILT_PRODUCTS_DIR)/fastAPI-ios.app/$(BUNDLE_EXECUTABLE_FOLDER_PATH)/fastAPI-ios";
			};
			name = Debug;
		};
		D06A6E822EE6A8020002D0BA /* Release */ = {
			isa = XCBuildConfiguration;
			buildSettings = {
				BUNDLE_LOADER = "$(TEST_HOST)";
				CODE_SIGN_STYLE = Automatic;
				CURRENT_PROJECT_VERSION = 1;
				DEVELOPMENT_TEAM = Q23JLSJCCV;
				GENERATE_INFOPLIST_FILE = YES;
				IPHONEOS_DEPLOYMENT_TARGET = 26.1;
				MARKETING_VERSION = 1.0;
				PRODUCT_BUNDLE_IDENTIFIER = "org.pylibkit.fastAPI-iosTests";
				PRODUCT_NAME = "$(TARGET_NAME)";
				STRING_CATALOG_GENERATE_SYMBOLS = NO;
				SWIFT_APPROACHABLE_CONCURRENCY = YES;
				SWIFT_EMIT_LOC_STRINGS = NO;
				SWIFT_UPCOMING_FEATURE_MEMBER_IMPORT_VISIBILITY = YES;
				SWIFT_VERSION = 5.0;
				TARGETED_DEVICE_FAMILY = "1,2";
				TEST_HOST = "$(BUILT_PRODUCTS_DIR)/fastAPI-ios.app/$(BUNDLE_EXECUTABLE_FOLDER_PATH)/fastAPI-ios";
			};
			name = Release;
		};
		D06A6E842EE6A8020002D0BA /* Debug */ = {
			isa = XCBuildConfiguration;
			buildSettings = {
				CODE_SIGN_STYLE = Automatic;
				CURRENT_PROJECT_VERSION = 1;
				DEVELOPMENT_TEAM = Q23JLSJCCV;
				GENERATE_INFOPLIST_FILE = YES;
				MARKETING_VERSION = 1.0;
				PRODUCT_BUNDLE_IDENTIFIER = "org.pylibkit.fastAPI-iosUITests";
				PRODUCT_NAME = "$(TARGET_NAME)";
				STRING_CATALOG_GENERATE_SYMBOLS = NO;
				SWIFT_APPROACHABLE_CONCURRENCY = YES;
				SWIFT_EMIT_LOC_STRINGS = NO;
				SWIFT_UPCOMING_FEATURE_MEMBER_IMPORT_VISIBILITY = YES;
				SWIFT_VERSION = 5.0;
				TARGETED_DEVICE_FAMILY = "1,2";
				TEST_TARGET_NAME = "fastAPI-ios";
			};
			name = Debug;
		};
		D06A6E852EE6A8020002D0BA /* Release */ = {
			isa = XCBuildConfiguration;
			buildSettings = {
				CODE_SIGN_STYLE = Automatic;
				CURRENT_PROJECT_VERSION = 1;
				DEVELOPMENT_TEAM = Q23JLSJCCV;
				GENERATE_INFOPLIST_FILE = YES;
				MARKETING_VERSION = 1.0;
				PRODUCT_BUNDLE_IDENTIFIER = "org.pylibkit.fastAPI-iosUITests";
				PRODUCT_NAME = "$(TARGET_NAME)";
				STRING_CATALOG_GENERATE_SYMBOLS = NO;
				SWIFT_APPROACHABLE_CONCURRENCY = YES;
				SWIFT_EMIT_LOC_STRINGS = NO;
				SWIFT_UPCOMING_FEATURE_MEMBER_IMPORT_VISIBILITY = YES;
				SWIFT_VERSION = 5.0;
				TARGETED_DEVICE_FAMILY = "1,2";
				TEST_TARGET_NAME = "fastAPI-ios";
			};
			name = Release;
		};
/* End XCBuildConfiguration section */

/* Begin XCConfigurationList section */
		D06A6E572EE6A8010002D0BA /* Build configuration list for PBXProject "fastAPI-ios" */ = {
			isa = XCConfigurationList;
			buildConfigurations = (
				D06A6E7B2EE6A8020002D0BA /* Debug */,
				D06A6E7C2EE6A8020002D0BA /* Release */,
			);
			defaultConfigurationIsVisible = 0;
			defaultConfigurationName = Release;
		};
		D06A6E7D2EE6A8020002D0BA /* Build configuration list for PBXNativeTarget "fastAPI-ios" */ = {
			isa = XCConfigurationList;
			buildConfigurations = (
				D06A6E7E2EE6A8020002D0BA /* Debug */,
				D06A6E7F2EE6A8020002D0BA /* Release */,
			);
			defaultConfigurationIsVisible = 0;
			defaultConfigurationName = Release;
		};
		D06A6E802EE6A8020002D0BA /* Build configuration list for PBXNativeTarget "fastAPI-iosTests" */ = {
			isa = XCConfigurationList;
			buildConfigurations = (
				D06A6E812EE6A8020002D0BA /* Debug */,
				D06A6E822EE6A8020002D0BA /* Release */,
			);
			defaultConfigurationIsVisible = 0;
			defaultConfigurationName = Release;
		};
		D06A6E832EE6A8020002D0BA /* Build configuration list for PBXNativeTarget "fastAPI-iosUITests" */ = {
			isa = XCConfigurationList;
			buildConfigurations = (
				D06A6E842EE6A8020002D0BA /* Debug */,
				D06A6E852EE6A8020002D0BA /* Release */,
			);
			defaultConfigurationIsVisible = 0;
			defaultConfigurationName = Release;
		};
/* End XCConfigurationList section */
	};
	rootObject = D06A6E542EE6A8010002D0BA /* Project object */;
}
